
Microsoft Visual Studio Solution File, Format Version 12.00
# Visual Studio Version 17
VisualStudioVersion = 17.14.35906.104
MinimumVisualStudioVersion = 10.0.40219.1
Project("{2150E333-8FDC-42A3-9474-1A3956D46DE8}") = "src", "src", "{02EA681E-C7D8-13C7-8484-4AC65E1B71E8}"
EndProject
Project("{2150E333-8FDC-42A3-9474-1A3956D46DE8}") = "open", "open", "{E8759367-37D5-474B-A619-B109C8196BD5}"
EndProject
Project("{2150E333-8FDC-42A3-9474-1A3956D46DE8}") = "core", "core", "{67B33A9F-1405-4C49-964B-EF408E31C63B}"
EndProject
Project("{2150E333-8FDC-42A3-9474-1A3956D46DE8}") = "modules", "modules", "{F8EB2D81-2DE7-4BC4-804E-6B7EA1DD2F22}"
EndProject
Project("{2150E333-8FDC-42A3-9474-1A3956D46DE8}") = "services", "services", "{82F9BE31-9DA1-4514-A939-1EFD13C3B152}"
EndProject
Project("{FAE04EC0-301F-11D3-BF4B-00C04F79EFBC}") = "Visitor.Core.Domain", "src\core\ApiServices\Visitor.Core.Domain\Visitor.Core.Domain.csproj", "{E2A700C3-F5CF-F8AE-4A00-7DCCEF37800E}"
EndProject
Project("{FAE04EC0-301F-11D3-BF4B-00C04F79EFBC}") = "Visitor.Core.Db", "src\core\ApiServices\Visitor.Core.Db\Visitor.Core.Db.csproj", "{EF2CDDD4-A311-5AE2-EA77-DD4864CB9176}"
EndProject
Project("{FAE04EC0-301F-11D3-BF4B-00C04F79EFBC}") = "Visitor.Core.DesignPatterns", "src\core\ApiServices\Visitor.Core.DesignPatterns\Visitor.Core.DesignPatterns.csproj", "{03390303-C9F2-830C-8660-7B1014A4028F}"
EndProject
Project("{FAE04EC0-301F-11D3-BF4B-00C04F79EFBC}") = "Visitor.Core.InfraServices", "src\core\ApiServices\Visitor.Core.InfraServices\Visitor.Core.InfraServices.csproj", "{0AD533D8-698E-655D-A70D-9FB0EF1DCE23}"
EndProject
Project("{FAE04EC0-301F-11D3-BF4B-00C04F79EFBC}") = "Visitor.Core.WebServices", "src\core\ApiServices\Visitor.Core.WebServices\Visitor.Core.WebServices.csproj", "{B7AC4DB6-B50C-B99A-77AC-48935DB17216}"
EndProject
Project("{2150E333-8FDC-42A3-9474-1A3956D46DE8}") = "apiservices", "apiservices", "{0BF7C920-FCC6-4207-95CC-3BE20B07C6F2}"
EndProject
Project("{2150E333-8FDC-42A3-9474-1A3956D46DE8}") = "identityservices", "identityservices", "{DBA869F9-83F1-4960-AEF2-E607AEF1507A}"
EndProject
Project("{2150E333-8FDC-42A3-9474-1A3956D46DE8}") = "mqServices", "mqServices", "{0E45C600-FBD9-416F-9518-6AB4C4A3312B}"
EndProject
Project("{2150E333-8FDC-42A3-9474-1A3956D46DE8}") = "storageservices", "storageservices", "{DBF57C48-F42C-4ABC-AAD9-EC8062C3ADA6}"
EndProject
Project("{2150E333-8FDC-42A3-9474-1A3956D46DE8}") = "iam", "iam", "{AAF6D117-70E4-4C4B-B340-A3BE4A7C2693}"
EndProject
Project("{2150E333-8FDC-42A3-9474-1A3956D46DE8}") = "dms", "dms", "{056167B5-C029-49B5-801C-195000FC2B15}"
EndProject
Project("{2150E333-8FDC-42A3-9474-1A3956D46DE8}") = "master", "master", "{CBFB18F7-E5F0-478D-AFF9-288FCE08DF6B}"
EndProject
Project("{2150E333-8FDC-42A3-9474-1A3956D46DE8}") = "entity", "entity", "{1E379B91-8748-4DAF-B451-1BCDC6C5878D}"
EndProject
Project("{FAE04EC0-301F-11D3-BF4B-00C04F79EFBC}") = "Visitor.Module.IAM.Domain", "src\modules\iam\Visitor.Module.IAM.Domain\Visitor.Module.IAM.Domain.csproj", "{CCD90F99-95AE-03FC-8F64-16C6B90F42BE}"
EndProject
Project("{FAE04EC0-301F-11D3-BF4B-00C04F79EFBC}") = "Visitor.Module.IAM.Data", "src\modules\iam\Visitor.Module.IAM.Data\Visitor.Module.IAM.Data.csproj", "{FB650CF1-4B75-B41B-82C3-D9C98BAEBDF9}"
EndProject
Project("{FAE04EC0-301F-11D3-BF4B-00C04F79EFBC}") = "Visitor.Module.IAM.Migrations", "src\modules\iam\Visitor.Module.IAM.Migrations\Visitor.Module.IAM.Migrations.csproj", "{166A1D96-619A-3610-3BEF-CDB73E9E9A7F}"
EndProject
Project("{FAE04EC0-301F-11D3-BF4B-00C04F79EFBC}") = "Visitor.Module.IAM.Application", "src\modules\iam\Visitor.Module.IAM.Application\Visitor.Module.IAM.Application.csproj", "{6586D550-D598-C667-626E-1304DFD5473E}"
EndProject
Project("{FAE04EC0-301F-11D3-BF4B-00C04F79EFBC}") = "Visitor.Module.IAM", "src\modules\iam\Visitor.Module.IAM\Visitor.Module.IAM.csproj", "{F8940798-4021-B6FA-D3DA-3D5A4F9E1BBB}"
EndProject
Project("{FAE04EC0-301F-11D3-BF4B-00C04F79EFBC}") = "Visitor.Core.Api", "src\services\Visitor.Core.Api\Visitor.Core.Api.csproj", "{ECCA6166-4C14-315E-91B5-D2CE2D8D2B98}"
EndProject
Project("{2150E333-8FDC-42A3-9474-1A3956D46DE8}") = "placeholder", "placeholder", "{64BA1DD2-DD1C-48DC-A59B-ED9F3E5ADC2F}"
EndProject
Project("{2150E333-8FDC-42A3-9474-1A3956D46DE8}") = "eventflow", "eventflow", "{A90A18F9-C7B3-4CE3-B635-C9B4CE07CB84}"
EndProject
Project("{FAE04EC0-301F-11D3-BF4B-00C04F79EFBC}") = "Visitor.Module.DMS.Domain", "src\modules\dms\Visitor.Module.DMS.Domain\Visitor.Module.DMS.Domain.csproj", "{EC6144C0-3ACF-151B-10C0-D49161953F27}"
EndProject
Project("{FAE04EC0-301F-11D3-BF4B-00C04F79EFBC}") = "Visitor.Module.DMS.Data", "src\modules\dms\Visitor.Module.DMS.Data\Visitor.Module.DMS.Data.csproj", "{45562218-E1C1-A3BD-6BAA-7B304FCCFA3B}"
EndProject
Project("{FAE04EC0-301F-11D3-BF4B-00C04F79EFBC}") = "Visitor.Module.DMS.Migrations", "src\modules\dms\Visitor.Module.DMS.Migrations\Visitor.Module.DMS.Migrations.csproj", "{4BF0EA1E-CF9B-E2F8-263E-F0A232C8A7E7}"
EndProject
Project("{FAE04EC0-301F-11D3-BF4B-00C04F79EFBC}") = "Visitor.Module.DMS.Application", "src\modules\dms\Visitor.Module.DMS.Application\Visitor.Module.DMS.Application.csproj", "{00987C13-E741-97A4-BEC5-230C48839505}"
EndProject
Project("{FAE04EC0-301F-11D3-BF4B-00C04F79EFBC}") = "Visitor.Module.DMS.Infrastructure", "src\modules\dms\Visitor.Module.DMS.Infrastructure\Visitor.Module.DMS.Infrastructure.csproj", "{BE935A30-C3AB-94AA-A246-27025DCC19A2}"
EndProject
Project("{FAE04EC0-301F-11D3-BF4B-00C04F79EFBC}") = "Visitor.Module.DMS", "src\modules\dms\Visitor.Module.DMS\Visitor.Module.DMS.csproj", "{9A1D5DB4-4B06-6C9E-B24A-DFF269822CAF}"
EndProject
Project("{2150E333-8FDC-42A3-9474-1A3956D46DE8}") = "subscription", "subscription", "{1DEA5AB8-7FE0-4CB6-A599-D4F370373809}"
EndProject
Project("{2150E333-8FDC-42A3-9474-1A3956D46DE8}") = "tenant", "tenant", "{A051A0CD-06A3-4308-9866-6A095FA0C584}"
EndProject
Project("{2150E333-8FDC-42A3-9474-1A3956D46DE8}") = "test", "test", "{30661AE6-2141-456B-959E-E7816D9A54E4}"
EndProject
Project("{FAE04EC0-301F-11D3-BF4B-00C04F79EFBC}") = "Visitor.Module.Master.Domain", "src\modules\master\Visitor.Module.Master.Domain\Visitor.Module.Master.Domain.csproj", "{DE0933FF-55B4-4356-BA9A-B1D77A322653}"
EndProject
Project("{2150E333-8FDC-42A3-9474-1A3956D46DE8}") = "Solution Items", "Solution Items", "{2D087A74-7795-4FCC-8FD2-B84C6859D75A}"
	ProjectSection(SolutionItems) = preProject
		.gitignore = .gitignore
	EndProjectSection
EndProject
Global
	GlobalSection(SolutionConfigurationPlatforms) = preSolution
		Debug|Any CPU = Debug|Any CPU
		Release|Any CPU = Release|Any CPU
	EndGlobalSection
	GlobalSection(ProjectConfigurationPlatforms) = postSolution
		{E2A700C3-F5CF-F8AE-4A00-7DCCEF37800E}.Debug|Any CPU.ActiveCfg = Debug|Any CPU
		{E2A700C3-F5CF-F8AE-4A00-7DCCEF37800E}.Debug|Any CPU.Build.0 = Debug|Any CPU
		{E2A700C3-F5CF-F8AE-4A00-7DCCEF37800E}.Release|Any CPU.ActiveCfg = Release|Any CPU
		{E2A700C3-F5CF-F8AE-4A00-7DCCEF37800E}.Release|Any CPU.Build.0 = Release|Any CPU
		{EF2CDDD4-A311-5AE2-EA77-DD4864CB9176}.Debug|Any CPU.ActiveCfg = Debug|Any CPU
		{EF2CDDD4-A311-5AE2-EA77-DD4864CB9176}.Debug|Any CPU.Build.0 = Debug|Any CPU
		{EF2CDDD4-A311-5AE2-EA77-DD4864CB9176}.Release|Any CPU.ActiveCfg = Release|Any CPU
		{EF2CDDD4-A311-5AE2-EA77-DD4864CB9176}.Release|Any CPU.Build.0 = Release|Any CPU
		{03390303-C9F2-830C-8660-7B1014A4028F}.Debug|Any CPU.ActiveCfg = Debug|Any CPU
		{03390303-C9F2-830C-8660-7B1014A4028F}.Debug|Any CPU.Build.0 = Debug|Any CPU
		{03390303-C9F2-830C-8660-7B1014A4028F}.Release|Any CPU.ActiveCfg = Release|Any CPU
		{03390303-C9F2-830C-8660-7B1014A4028F}.Release|Any CPU.Build.0 = Release|Any CPU
		{0AD533D8-698E-655D-A70D-9FB0EF1DCE23}.Debug|Any CPU.ActiveCfg = Debug|Any CPU
		{0AD533D8-698E-655D-A70D-9FB0EF1DCE23}.Debug|Any CPU.Build.0 = Debug|Any CPU
		{0AD533D8-698E-655D-A70D-9FB0EF1DCE23}.Release|Any CPU.ActiveCfg = Release|Any CPU
		{0AD533D8-698E-655D-A70D-9FB0EF1DCE23}.Release|Any CPU.Build.0 = Release|Any CPU
		{B7AC4DB6-B50C-B99A-77AC-48935DB17216}.Debug|Any CPU.ActiveCfg = Debug|Any CPU
		{B7AC4DB6-B50C-B99A-77AC-48935DB17216}.Debug|Any CPU.Build.0 = Debug|Any CPU
		{B7AC4DB6-B50C-B99A-77AC-48935DB17216}.Release|Any CPU.ActiveCfg = Release|Any CPU
		{B7AC4DB6-B50C-B99A-77AC-48935DB17216}.Release|Any CPU.Build.0 = Release|Any CPU
		{CCD90F99-95AE-03FC-8F64-16C6B90F42BE}.Debug|Any CPU.ActiveCfg = Debug|Any CPU
		{CCD90F99-95AE-03FC-8F64-16C6B90F42BE}.Debug|Any CPU.Build.0 = Debug|Any CPU
		{CCD90F99-95AE-03FC-8F64-16C6B90F42BE}.Release|Any CPU.ActiveCfg = Release|Any CPU
		{CCD90F99-95AE-03FC-8F64-16C6B90F42BE}.Release|Any CPU.Build.0 = Release|Any CPU
		{FB650CF1-4B75-B41B-82C3-D9C98BAEBDF9}.Debug|Any CPU.ActiveCfg = Debug|Any CPU
		{FB650CF1-4B75-B41B-82C3-D9C98BAEBDF9}.Debug|Any CPU.Build.0 = Debug|Any CPU
		{FB650CF1-4B75-B41B-82C3-D9C98BAEBDF9}.Release|Any CPU.ActiveCfg = Release|Any CPU
		{FB650CF1-4B75-B41B-82C3-D9C98BAEBDF9}.Release|Any CPU.Build.0 = Release|Any CPU
		{166A1D96-619A-3610-3BEF-CDB73E9E9A7F}.Debug|Any CPU.ActiveCfg = Debug|Any CPU
		{166A1D96-619A-3610-3BEF-CDB73E9E9A7F}.Debug|Any CPU.Build.0 = Debug|Any CPU
		{166A1D96-619A-3610-3BEF-CDB73E9E9A7F}.Release|Any CPU.ActiveCfg = Release|Any CPU
		{166A1D96-619A-3610-3BEF-CDB73E9E9A7F}.Release|Any CPU.Build.0 = Release|Any CPU
		{6586D550-D598-C667-626E-1304DFD5473E}.Debug|Any CPU.ActiveCfg = Debug|Any CPU
		{6586D550-D598-C667-626E-1304DFD5473E}.Debug|Any CPU.Build.0 = Debug|Any CPU
		{6586D550-D598-C667-626E-1304DFD5473E}.Release|Any CPU.ActiveCfg = Release|Any CPU
		{6586D550-D598-C667-626E-1304DFD5473E}.Release|Any CPU.Build.0 = Release|Any CPU
		{F8940798-4021-B6FA-D3DA-3D5A4F9E1BBB}.Debug|Any CPU.ActiveCfg = Debug|Any CPU
		{F8940798-4021-B6FA-D3DA-3D5A4F9E1BBB}.Debug|Any CPU.Build.0 = Debug|Any CPU
		{F8940798-4021-B6FA-D3DA-3D5A4F9E1BBB}.Release|Any CPU.ActiveCfg = Release|Any CPU
		{F8940798-4021-B6FA-D3DA-3D5A4F9E1BBB}.Release|Any CPU.Build.0 = Release|Any CPU
		{ECCA6166-4C14-315E-91B5-D2CE2D8D2B98}.Debug|Any CPU.ActiveCfg = Debug|Any CPU
		{ECCA6166-4C14-315E-91B5-D2CE2D8D2B98}.Debug|Any CPU.Build.0 = Debug|Any CPU
		{ECCA6166-4C14-315E-91B5-D2CE2D8D2B98}.Release|Any CPU.ActiveCfg = Release|Any CPU
		{ECCA6166-4C14-315E-91B5-D2CE2D8D2B98}.Release|Any CPU.Build.0 = Release|Any CPU
		{EC6144C0-3ACF-151B-10C0-D49161953F27}.Debug|Any CPU.ActiveCfg = Debug|Any CPU
		{EC6144C0-3ACF-151B-10C0-D49161953F27}.Debug|Any CPU.Build.0 = Debug|Any CPU
		{EC6144C0-3ACF-151B-10C0-D49161953F27}.Release|Any CPU.ActiveCfg = Release|Any CPU
		{EC6144C0-3ACF-151B-10C0-D49161953F27}.Release|Any CPU.Build.0 = Release|Any CPU
		{45562218-E1C1-A3BD-6BAA-7B304FCCFA3B}.Debug|Any CPU.ActiveCfg = Debug|Any CPU
		{45562218-E1C1-A3BD-6BAA-7B304FCCFA3B}.Debug|Any CPU.Build.0 = Debug|Any CPU
		{45562218-E1C1-A3BD-6BAA-7B304FCCFA3B}.Release|Any CPU.ActiveCfg = Release|Any CPU
		{45562218-E1C1-A3BD-6BAA-7B304FCCFA3B}.Release|Any CPU.Build.0 = Release|Any CPU
		{4BF0EA1E-CF9B-E2F8-263E-F0A232C8A7E7}.Debug|Any CPU.ActiveCfg = Debug|Any CPU
		{4BF0EA1E-CF9B-E2F8-263E-F0A232C8A7E7}.Debug|Any CPU.Build.0 = Debug|Any CPU
		{4BF0EA1E-CF9B-E2F8-263E-F0A232C8A7E7}.Release|Any CPU.ActiveCfg = Release|Any CPU
		{4BF0EA1E-CF9B-E2F8-263E-F0A232C8A7E7}.Release|Any CPU.Build.0 = Release|Any CPU
		{00987C13-E741-97A4-BEC5-230C48839505}.Debug|Any CPU.ActiveCfg = Debug|Any CPU
		{00987C13-E741-97A4-BEC5-230C48839505}.Debug|Any CPU.Build.0 = Debug|Any CPU
		{00987C13-E741-97A4-BEC5-230C48839505}.Release|Any CPU.ActiveCfg = Release|Any CPU
		{00987C13-E741-97A4-BEC5-230C48839505}.Release|Any CPU.Build.0 = Release|Any CPU
		{BE935A30-C3AB-94AA-A246-27025DCC19A2}.Debug|Any CPU.ActiveCfg = Debug|Any CPU
		{BE935A30-C3AB-94AA-A246-27025DCC19A2}.Debug|Any CPU.Build.0 = Debug|Any CPU
		{BE935A30-C3AB-94AA-A246-27025DCC19A2}.Release|Any CPU.ActiveCfg = Release|Any CPU
		{BE935A30-C3AB-94AA-A246-27025DCC19A2}.Release|Any CPU.Build.0 = Release|Any CPU
		{9A1D5DB4-4B06-6C9E-B24A-DFF269822CAF}.Debug|Any CPU.ActiveCfg = Debug|Any CPU
		{9A1D5DB4-4B06-6C9E-B24A-DFF269822CAF}.Debug|Any CPU.Build.0 = Debug|Any CPU
		{9A1D5DB4-4B06-6C9E-B24A-DFF269822CAF}.Release|Any CPU.ActiveCfg = Release|Any CPU
		{9A1D5DB4-4B06-6C9E-B24A-DFF269822CAF}.Release|Any CPU.Build.0 = Release|Any CPU
		{DE0933FF-55B4-4356-BA9A-B1D77A322653}.Debug|Any CPU.ActiveCfg = Debug|Any CPU
		{DE0933FF-55B4-4356-BA9A-B1D77A322653}.Debug|Any CPU.Build.0 = Debug|Any CPU
		{DE0933FF-55B4-4356-BA9A-B1D77A322653}.Release|Any CPU.ActiveCfg = Release|Any CPU
		{DE0933FF-55B4-4356-BA9A-B1D77A322653}.Release|Any CPU.Build.0 = Release|Any CPU
	EndGlobalSection
	GlobalSection(SolutionProperties) = preSolution
		HideSolutionNode = FALSE
	EndGlobalSection
	GlobalSection(NestedProjects) = preSolution
		{E8759367-37D5-474B-A619-B109C8196BD5} = {02EA681E-C7D8-13C7-8484-4AC65E1B71E8}
		{67B33A9F-1405-4C49-964B-EF408E31C63B} = {02EA681E-C7D8-13C7-8484-4AC65E1B71E8}
		{F8EB2D81-2DE7-4BC4-804E-6B7EA1DD2F22} = {02EA681E-C7D8-13C7-8484-4AC65E1B71E8}
		{82F9BE31-9DA1-4514-A939-1EFD13C3B152} = {02EA681E-C7D8-13C7-8484-4AC65E1B71E8}
		{E2A700C3-F5CF-F8AE-4A00-7DCCEF37800E} = {0BF7C920-FCC6-4207-95CC-3BE20B07C6F2}
		{EF2CDDD4-A311-5AE2-EA77-DD4864CB9176} = {0BF7C920-FCC6-4207-95CC-3BE20B07C6F2}
		{03390303-C9F2-830C-8660-7B1014A4028F} = {0BF7C920-FCC6-4207-95CC-3BE20B07C6F2}
		{0AD533D8-698E-655D-A70D-9FB0EF1DCE23} = {0BF7C920-FCC6-4207-95CC-3BE20B07C6F2}
		{B7AC4DB6-B50C-B99A-77AC-48935DB17216} = {0BF7C920-FCC6-4207-95CC-3BE20B07C6F2}
		{0BF7C920-FCC6-4207-95CC-3BE20B07C6F2} = {67B33A9F-1405-4C49-964B-EF408E31C63B}
		{DBA869F9-83F1-4960-AEF2-E607AEF1507A} = {67B33A9F-1405-4C49-964B-EF408E31C63B}
		{0E45C600-FBD9-416F-9518-6AB4C4A3312B} = {67B33A9F-1405-4C49-964B-EF408E31C63B}
		{DBF57C48-F42C-4ABC-AAD9-EC8062C3ADA6} = {67B33A9F-1405-4C49-964B-EF408E31C63B}
		{AAF6D117-70E4-4C4B-B340-A3BE4A7C2693} = {F8EB2D81-2DE7-4BC4-804E-6B7EA1DD2F22}
		{056167B5-C029-49B5-801C-195000FC2B15} = {F8EB2D81-2DE7-4BC4-804E-6B7EA1DD2F22}
		{CBFB18F7-E5F0-478D-AFF9-288FCE08DF6B} = {F8EB2D81-2DE7-4BC4-804E-6B7EA1DD2F22}
		{1E379B91-8748-4DAF-B451-1BCDC6C5878D} = {F8EB2D81-2DE7-4BC4-804E-6B7EA1DD2F22}
		{CCD90F99-95AE-03FC-8F64-16C6B90F42BE} = {AAF6D117-70E4-4C4B-B340-A3BE4A7C2693}
		{FB650CF1-4B75-B41B-82C3-D9C98BAEBDF9} = {AAF6D117-70E4-4C4B-B340-A3BE4A7C2693}
		{166A1D96-619A-3610-3BEF-CDB73E9E9A7F} = {AAF6D117-70E4-4C4B-B340-A3BE4A7C2693}
		{6586D550-D598-C667-626E-1304DFD5473E} = {AAF6D117-70E4-4C4B-B340-A3BE4A7C2693}
		{F8940798-4021-B6FA-D3DA-3D5A4F9E1BBB} = {AAF6D117-70E4-4C4B-B340-A3BE4A7C2693}
		{ECCA6166-4C14-315E-91B5-D2CE2D8D2B98} = {82F9BE31-9DA1-4514-A939-1EFD13C3B152}
		{64BA1DD2-DD1C-48DC-A59B-ED9F3E5ADC2F} = {F8EB2D81-2DE7-4BC4-804E-6B7EA1DD2F22}
		{A90A18F9-C7B3-4CE3-B635-C9B4CE07CB84} = {F8EB2D81-2DE7-4BC4-804E-6B7EA1DD2F22}
		{EC6144C0-3ACF-151B-10C0-D49161953F27} = {056167B5-C029-49B5-801C-195000FC2B15}
		{45562218-E1C1-A3BD-6BAA-7B304FCCFA3B} = {056167B5-C029-49B5-801C-195000FC2B15}
		{4BF0EA1E-CF9B-E2F8-263E-F0A232C8A7E7} = {056167B5-C029-49B5-801C-195000FC2B15}
		{00987C13-E741-97A4-BEC5-230C48839505} = {056167B5-C029-49B5-801C-195000FC2B15}
		{BE935A30-C3AB-94AA-A246-27025DCC19A2} = {056167B5-C029-49B5-801C-195000FC2B15}
		{9A1D5DB4-4B06-6C9E-B24A-DFF269822CAF} = {056167B5-C029-49B5-801C-195000FC2B15}
		{1DEA5AB8-7FE0-4CB6-A599-D4F370373809} = {F8EB2D81-2DE7-4BC4-804E-6B7EA1DD2F22}
		{A051A0CD-06A3-4308-9866-6A095FA0C584} = {F8EB2D81-2DE7-4BC4-804E-6B7EA1DD2F22}
		{DE0933FF-55B4-4356-BA9A-B1D77A322653} = {CBFB18F7-E5F0-478D-AFF9-288FCE08DF6B}
	EndGlobalSection
	GlobalSection(ExtensibilityGlobals) = postSolution
		SolutionGuid = {9BD39B81-BB4E-40F4-A9A6-4E746DC84431}
	EndGlobalSection
EndGlobal
